
Microsoft Visual Studio Solution File, Format Version 12.00
# Visual Studio 15
VisualStudioVersion = 15.0.26730.12
MinimumVisualStudioVersion = 10.0.40219.1
Project("{FAE04EC0-301F-11D3-BF4B-00C04F79EFBC}") = "ASPNETCore01", "ASPNETCore01\ASPNETCore01.csproj", "{4FECC9E8-B80B-4CED-A94D-D5BFC397EAEC}"
EndProject
Global
	GlobalSection(SolutionConfigurationPlatforms) = preSolution
		Debug|Any CPU = Debug|Any CPU
		Release|Any CPU = Release|Any CPU
	EndGlobalSection
	GlobalSection(ProjectConfigurationPlatforms) = postSolution
		{4FECC9E8-B80B-4CED-A94D-D5BFC397EAEC}.Debug|Any CPU.ActiveCfg = Debug|Any CPU
		{4FECC9E8-B80B-4CED-A94D-D5BFC397EAEC}.Debug|Any CPU.Build.0 = Debug|Any CPU
		{4FECC9E8-B80B-4CED-A94D-D5BFC397EAEC}.Release|Any CPU.ActiveCfg = Release|Any CPU
		{4FECC9E8-B80B-4CED-A94D-D5BFC397EAEC}.Release|Any CPU.Build.0 = Release|Any CPU
	EndGlobalSection
	GlobalSection(SolutionProperties) = preSolution
		HideSolutionNode = FALSE
	EndGlobalSection
	GlobalSection(ExtensibilityGlobals) = postSolution
		SolutionGuid = {6AC45587-D53F-475E-9117-84B48ED02460}
	EndGlobalSection
EndGlobal
