
Microsoft Visual Studio Solution File, Format Version 12.00
# Visual Studio 15
VisualStudioVersion = 15.0.26730.12
MinimumVisualStudioVersion = 10.0.40219.1
Project("{9A19103F-16F7-4668-BE54-9A1E7A4F7556}") = "ASPNETCore03", "ASPNETCore03\ASPNETCore03.csproj", "{D9A489F9-42CD-499A-BD32-EAD25A83B2B4}"
EndProject
Global
	GlobalSection(SolutionConfigurationPlatforms) = preSolution
		Debug|Any CPU = Debug|Any CPU
		Release|Any CPU = Release|Any CPU
	EndGlobalSection
	GlobalSection(ProjectConfigurationPlatforms) = postSolution
		{D9A489F9-42CD-499A-BD32-EAD25A83B2B4}.Debug|Any CPU.ActiveCfg = Debug|Any CPU
		{D9A489F9-42CD-499A-BD32-EAD25A83B2B4}.Debug|Any CPU.Build.0 = Debug|Any CPU
		{D9A489F9-42CD-499A-BD32-EAD25A83B2B4}.Release|Any CPU.ActiveCfg = Release|Any CPU
		{D9A489F9-42CD-499A-BD32-EAD25A83B2B4}.Release|Any CPU.Build.0 = Release|Any CPU
	EndGlobalSection
	GlobalSection(SolutionProperties) = preSolution
		HideSolutionNode = FALSE
	EndGlobalSection
	GlobalSection(ExtensibilityGlobals) = postSolution
		SolutionGuid = {41604402-637A-4DD9-8157-2B05AC10C9AE}
	EndGlobalSection
EndGlobal
