
Microsoft Visual Studio Solution File, Format Version 12.00
# Visual Studio 15
VisualStudioVersion = 15.0.26730.12
MinimumVisualStudioVersion = 10.0.40219.1
Project("{FAE04EC0-301F-11D3-BF4B-00C04F79EFBC}") = "CSTEntryForm02a", "CSTEntryForm02a\CSTEntryForm02a.csproj", "{CCE7F2A9-9E88-41B0-9504-274D8DC3B357}"
EndProject
Global
	GlobalSection(SolutionConfigurationPlatforms) = preSolution
		Debug|Any CPU = Debug|Any CPU
		Release|Any CPU = Release|Any CPU
	EndGlobalSection
	GlobalSection(ProjectConfigurationPlatforms) = postSolution
		{CCE7F2A9-9E88-41B0-9504-274D8DC3B357}.Debug|Any CPU.ActiveCfg = Debug|Any CPU
		{CCE7F2A9-9E88-41B0-9504-274D8DC3B357}.Debug|Any CPU.Build.0 = Debug|Any CPU
		{CCE7F2A9-9E88-41B0-9504-274D8DC3B357}.Release|Any CPU.ActiveCfg = Release|Any CPU
		{CCE7F2A9-9E88-41B0-9504-274D8DC3B357}.Release|Any CPU.Build.0 = Release|Any CPU
	EndGlobalSection
	GlobalSection(SolutionProperties) = preSolution
		HideSolutionNode = FALSE
	EndGlobalSection
	GlobalSection(ExtensibilityGlobals) = postSolution
		SolutionGuid = {B4263476-8045-4A06-B9FF-81E01E4B9F9C}
	EndGlobalSection
EndGlobal
